<?xml version="1.0" encoding="utf-8"?>
<Project ToolsVersion="4.0" xmlns="http://schemas.microsoft.com/developer/msbuild/2003">
  <ItemGroup>
    <Filter Include="Source Files">
      <UniqueIdentifier>{4FC737F1-C7A5-4376-A066-2A32D752A2FF}</UniqueIdentifier>
      <Extensions>cpp;c;cc;cxx;def;odl;idl;hpj;bat;asm;asmx</Extensions>
    </Filter>
    <Filter Include="Header Files">
      <UniqueIdentifier>{93995380-89BD-4b04-88EB-625FBE52EBFB}</UniqueIdentifier>
      <Extensions>h;hh;hpp;hxx;hm;inl;inc;ipp;xsd</Extensions>
    </Filter>
    <Filter Include="Resource Files">
      <UniqueIdentifier>{67DA6AB6-F800-4c08-8B7A-83BB121AAD01}</UniqueIdentifier>
      <Extensions>rc;ico;cur;bmp;dlg;rc2;rct;bin;rgs;gif;jpg;jpeg;jpe;resx;tiff;tif;png;wav;mfcribbon-ms</Extensions>
    </Filter>
    <Filter Include="Source Files\TileMaps">
      <UniqueIdentifier>{210a909e-2bfc-4318-a380-5c7b74140a28}</UniqueIdentifier>
    </Filter>
    <Filter Include="Source Files\Enemies">
      <UniqueIdentifier>{92ab75a2-df79-4f93-9e82-8c704b929b6d}</UniqueIdentifier>
    </Filter>
    <Filter Include="Source Files\Spells">
      <UniqueIdentifier>{4e8b4a81-839d-4a71-9c52-c3ab4b3820bb}</UniqueIdentifier>
    </Filter>
    <Filter Include="Header Files\Spells">
      <UniqueIdentifier>{5c2b8b8b-0c80-4911-8719-112574c174a1}</UniqueIdentifier>
    </Filter>
    <Filter Include="Source Files\Spells\FireSpells">
      <UniqueIdentifier>{ec8838d7-f025-48c4-9080-706ffc7f4b8d}</UniqueIdentifier>
    </Filter>
    <Filter Include="Header Files\SpellEffects">
      <UniqueIdentifier>{65e1c60e-c1c5-4c44-a35c-d56fca322dd4}</UniqueIdentifier>
    </Filter>
    <Filter Include="Source Files\SpellEffects">
      <UniqueIdentifier>{a12a31be-0178-4eeb-9091-4bc394dafa12}</UniqueIdentifier>
    </Filter>
    <Filter Include="Source Files\Spells\WaterSpells">
      <UniqueIdentifier>{8fb8ec4c-96b8-46f6-b8e1-0cfe8d9109d6}</UniqueIdentifier>
    </Filter>
    <Filter Include="Source Files\Spells\AirSpells">
      <UniqueIdentifier>{ae041f32-0dbc-4f8d-8a0d-7fef0150922c}</UniqueIdentifier>
    </Filter>
  </ItemGroup>
  <ItemGroup>
    <ClCompile Include="main.cpp">
      <Filter>Source Files</Filter>
    </ClCompile>
    <ClCompile Include="Player.cpp">
      <Filter>Source Files</Filter>
    </ClCompile>
    <ClCompile Include="Tile.cpp">
      <Filter>Source Files</Filter>
    </ClCompile>
    <ClCompile Include="TileMap.cpp">
      <Filter>Source Files\TileMaps</Filter>
    </ClCompile>
    <ClCompile Include="TreeTown.cpp">
      <Filter>Source Files\TileMaps</Filter>
    </ClCompile>
    <ClCompile Include="Enemy.cpp">
      <Filter>Source Files\Enemies</Filter>
    </ClCompile>
    <ClCompile Include="Dummy.cpp">
      <Filter>Source Files\Enemies</Filter>
    </ClCompile>
    <ClCompile Include="SpellSlot.cpp">
      <Filter>Source Files</Filter>
    </ClCompile>
    <ClCompile Include="Spell.cpp">
      <Filter>Source Files\Spells</Filter>
    </ClCompile>
    <ClCompile Include="FireBolt.cpp">
      <Filter>Source Files\Spells\FireSpells</Filter>
    </ClCompile>
    <ClCompile Include="FireSpells.h">
      <Filter>Header Files\Spells</Filter>
    </ClCompile>
    <ClCompile Include="SpellEffect.cpp">
      <Filter>Source Files\SpellEffects</Filter>
    </ClCompile>
    <ClCompile Include="BaseCircle.cpp">
      <Filter>Source Files\SpellEffects</Filter>
    </ClCompile>
    <ClCompile Include="WaterBall.cpp">
      <Filter>Source Files\Spells\WaterSpells</Filter>
    </ClCompile>
    <ClCompile Include="LightningStrike.cpp">
      <Filter>Source Files\Spells\AirSpells</Filter>
    </ClCompile>
    <ClCompile Include="InstantEffect.cpp">
      <Filter>Source Files\SpellEffects</Filter>
    </ClCompile>
    <ClCompile Include="WaterPulse.cpp">
      <Filter>Source Files\Spells\WaterSpells</Filter>
    </ClCompile>
  </ItemGroup>
  <ItemGroup>
    <ClInclude Include="Player.h">
      <Filter>Header Files</Filter>
    </ClInclude>
    <ClInclude Include="Tile.h">
      <Filter>Header Files</Filter>
    </ClInclude>
    <ClInclude Include="TileMap.h">
      <Filter>Header Files</Filter>
    </ClInclude>
    <ClInclude Include="enums.h">
      <Filter>Header Files</Filter>
    </ClInclude>
    <ClInclude Include="Enemy.h">
      <Filter>Header Files</Filter>
    </ClInclude>
    <ClInclude Include="SpellSlot.h">
      <Filter>Header Files</Filter>
    </ClInclude>
    <ClInclude Include="Spell.h">
      <Filter>Header Files\Spells</Filter>
    </ClInclude>
    <ClInclude Include="SpellEffect.h">
      <Filter>Header Files\SpellEffects</Filter>
    </ClInclude>
    <ClInclude Include="WaterSpells.h">
      <Filter>Header Files\Spells</Filter>
    </ClInclude>
    <ClInclude Include="AirSpells.h">
      <Filter>Header Files\Spells</Filter>
    </ClInclude>
    <ClInclude Include="icon.h">
      <Filter>Header Files</Filter>
    </ClInclude>
  </ItemGroup>
</Project>